PODS:
  - GCDWebServer (3.5.4):
    - GCDWebServer/Core (= 3.5.4)
  - GCDWebServer/Core (3.5.4)
  - IQKeyboardManager (6.5.6)
  - MBProgressHUD (1.2.0)
  - SDWebImage (5.9.1):
    - SDWebImage/Core (= 5.9.1)
  - SDWebImage/Core (5.9.1)
  - TZImagePickerController (3.4.3)
  - WGBToolKit (0.1.3):
    - WGBToolKit/DebugTool (= 0.1.3)
    - WGBToolKit/Foundation (= 0.1.3)
    - WGBToolKit/UIKit (= 0.1.3)
  - WGBToolKit/DebugTool (0.1.3):
    - WGBToolKit/DebugTool/InjectionIIIHelper (= 0.1.3)
  - WGBToolKit/DebugTool/InjectionIIIHelper (0.1.3)
  - WGBToolKit/Foundation (0.1.3):
    - WGBToolKit/Foundation/NSArray (= 0.1.3)
    - WGBToolKit/Foundation/NSDictionary (= 0.1.3)
    - WGBToolKit/Foundation/NSObject (= 0.1.3)
  - WGBToolKit/Foundation/NSArray (0.1.3)
  - WGBToolKit/Foundation/NSDictionary (0.1.3)
  - WGBToolKit/Foundation/NSObject (0.1.3)
  - WGBToolKit/UIKit (0.1.3):
    - WGBToolKit/UIKit/Components (= 0.1.3)
    - WGBToolKit/UIKit/UIButton (= 0.1.3)
    - WGBToolKit/UIKit/UIColor (= 0.1.3)
  - WGBToolKit/UIKit/Components (0.1.3):
    - WGBToolKit/UIKit/Components/JHSoundWaveView (= 0.1.3)
    - WGBToolKit/UIKit/Components/YBAttributeTextTapAction (= 0.1.3)
  - WGBToolKit/UIKit/Components/JHSoundWaveView (0.1.3)
  - WGBToolKit/UIKit/Components/YBAttributeTextTapAction (0.1.3)
  - WGBToolKit/UIKit/UIButton (0.1.3)
  - WGBToolKit/UIKit/UIColor (0.1.3)
  - YYModel (1.0.4)

DEPENDENCIES:
  - GCDWebServer (~> 3.0)
  - IQKeyboardManager
  - MBProgressHUD
  - SDWebImage
  - TZImagePickerController
  - WGBToolKit (~> 0.1.3)
  - YYModel

SPEC REPOS:
  https://gitee.com/wangguibin/my-pod-specs.git:
    - WGBToolKit
  trunk:
    - GCDWebServer
    - IQKeyboardManager
    - MBProgressHUD
    - SDWebImage
    - TZImagePickerController
    - YYModel

SPEC CHECKSUMS:
  GCDWebServer: 2c156a56c8226e2d5c0c3f208a3621ccffbe3ce4
  IQKeyboardManager: 2a6e97afdafc7becf0cb17a9a8d795e3a980717f
  MBProgressHUD: 3ee5efcc380f6a79a7cc9b363dd669c5e1ae7406
  SDWebImage: a990c053fff71e388a10f3357edb0be17929c9c5
  TZImagePickerController: 4f6e91cf00d67827ec23bd3c2f849cbd054b4979
  WGBToolKit: d2666ba275c78b0d158e0d9a2d50c760ae1cd854
  YYModel: 2a7fdd96aaa4b86a824e26d0c517de8928c04b30

PODFILE CHECKSUM: 08fbddb746b07a7b67acde997be3ede3b2067662

COCOAPODS: 1.12.0
